
Microsoft Visual Studio Solution File, Format Version 12.00
Project("{FAE04EC0-301F-11D3-BF4B-00C04F79EFBC}") = "LispDialectCore", "LispDialectCore\LispDialectCore.csproj", "{541506AB-E4CA-4086-9EC0-A131876FE79D}"
EndProject
Project("{FAE04EC0-301F-11D3-BF4B-00C04F79EFBC}") = "LispDialectREPL", "LispDialectREPL\LispDialectREPL.csproj", "{8A7F128F-5F9E-4AB1-8CF7-5B0F3809427E}"
EndProject
Global
	GlobalSection(SolutionConfigurationPlatforms) = preSolution
		Debug|Any CPU = Debug|Any CPU
		Release|Any CPU = Release|Any CPU
	EndGlobalSection
	GlobalSection(ProjectConfigurationPlatforms) = postSolution
		{541506AB-E4CA-4086-9EC0-A131876FE79D}.Debug|Any CPU.ActiveCfg = Debug|Any CPU
		{541506AB-E4CA-4086-9EC0-A131876FE79D}.Debug|Any CPU.Build.0 = Debug|Any CPU
		{541506AB-E4CA-4086-9EC0-A131876FE79D}.Release|Any CPU.ActiveCfg = Release|Any CPU
		{541506AB-E4CA-4086-9EC0-A131876FE79D}.Release|Any CPU.Build.0 = Release|Any CPU
		{8A7F128F-5F9E-4AB1-8CF7-5B0F3809427E}.Debug|Any CPU.ActiveCfg = Debug|Any CPU
		{8A7F128F-5F9E-4AB1-8CF7-5B0F3809427E}.Debug|Any CPU.Build.0 = Debug|Any CPU
		{8A7F128F-5F9E-4AB1-8CF7-5B0F3809427E}.Release|Any CPU.ActiveCfg = Release|Any CPU
		{8A7F128F-5F9E-4AB1-8CF7-5B0F3809427E}.Release|Any CPU.Build.0 = Release|Any CPU
	EndGlobalSection
EndGlobal
